// !$*UTF8*$!
{
	archiveVersion = 1;
	classes = {
	};
	objectVersion = 50;
	objects = {

/* Begin PBXBuildFile section */
		74576F50233095BE007FC74F /* AppDelegate.swift in Sources */ = {isa = PBXBuildFile; fileRef = 74576F4F233095BE007FC74F /* AppDelegate.swift */; };
		74576F52233095BE007FC74F /* ViewController.swift in Sources */ = {isa = PBXBuildFile; fileRef = 74576F51233095BE007FC74F /* ViewController.swift */; };
		74576F55233095BE007FC74F /* Main.storyboard in Resources */ = {isa = PBXBuildFile; fileRef = 74576F53233095BE007FC74F /* Main.storyboard */; };
		74576F57233095C2007FC74F /* Assets.xcassets in Resources */ = {isa = PBXBuildFile; fileRef = 74576F56233095C2007FC74F /* Assets.xcassets */; };
		74576F5A233095C2007FC74F /* LaunchScreen.storyboard in Resources */ = {isa = PBXBuildFile; fileRef = 74576F58233095C2007FC74F /* LaunchScreen.storyboard */; };
		74576F6323309608007FC74F /* MapKit.framework in Frameworks */ = {isa = PBXBuildFile; fileRef = 74576F6223309608007FC74F /* MapKit.framework */; };
		74FBE94D2339E0070097AF2B /* 이미지.jpeg in Resources */ = {isa = PBXBuildFile; fileRef = 74FBE94C2339E0070097AF2B /* 이미지.jpeg */; };
/* End PBXBuildFile section */

/* Begin PBXFileReference section */
		74576F4C233095BD007FC74F /* SimpleMapView.app */ = {isa = PBXFileReference; explicitFileType = wrapper.application; includeInIndex = 0; path = SimpleMapView.app; sourceTree = BUILT_PRODUCTS_DIR; };
		74576F4F233095BE007FC74F /* AppDelegate.swift */ = {isa = PBXFileReference; lastKnownFileType = sourcecode.swift; path = AppDelegate.swift; sourceTree = "<group>"; };
		74576F51233095BE007FC74F /* ViewController.swift */ = {isa = PBXFileReference; lastKnownFileType = sourcecode.swift; path = ViewController.swift; sourceTree = "<group>"; };
		74576F54233095BE007FC74F /* Base */ = {isa = PBXFileReference; lastKnownFileType = file.storyboard; name = Base; path = Base.lproj/Main.storyboard; sourceTree = "<group>"; };
		74576F56233095C2007FC74F /* Assets.xcassets */ = {isa = PBXFileReference; lastKnownFileType = folder.assetcatalog; path = Assets.xcassets; sourceTree = "<group>"; };
		74576F59233095C2007FC74F /* Base */ = {isa = PBXFileReference; lastKnownFileType = file.storyboard; name = Base; path = Base.lproj/LaunchScreen.storyboard; sourceTree = "<group>"; };
		74576F5B233095C2007FC74F /* Info.plist */ = {isa = PBXFileReference; lastKnownFileType = text.plist.xml; path = Info.plist; sourceTree = "<group>"; };
		74576F6223309608007FC74F /* MapKit.framework */ = {isa = PBXFileReference; lastKnownFileType = wrapper.framework; name = MapKit.framework; path = System/Library/Frameworks/MapKit.framework; sourceTree = SDKROOT; };
		74FBE94C2339E0070097AF2B /* 이미지.jpeg */ = {isa = PBXFileReference; lastKnownFileType = image.jpeg; name = "이미지.jpeg"; path = "../../이미지.jpeg"; sourceTree = "<group>"; };
/* End PBXFileReference section */

/* Begin PBXFrameworksBuildPhase section */
		74576F49233095BD007FC74F /* Frameworks */ = {
			isa = PBXFrameworksBuildPhase;
			buildActionMask = 2147483647;
			files = (
				74576F6323309608007FC74F /* MapKit.framework in Frameworks */,
			);
			runOnlyForDeploymentPostprocessing = 0;
		};
/* End PBXFrameworksBuildPhase section */

/* Begin PBXGroup section */
		74576F43233095BD007FC74F = {
			isa = PBXGroup;
			children = (
				74576F4E233095BD007FC74F /* SimpleMapView */,
				74576F4D233095BD007FC74F /* Products */,
				74576F6123309608007FC74F /* Frameworks */,
			);
			sourceTree = "<group>";
		};
		74576F4D233095BD007FC74F /* Products */ = {
			isa = PBXGroup;
			children = (
				74576F4C233095BD007FC74F /* SimpleMapView.app */,
			);
			name = Products;
			sourceTree = "<group>";
		};
		74576F4E233095BD007FC74F /* SimpleMapView */ = {
			isa = PBXGroup;
			children = (
				74576F4F233095BE007FC74F /* AppDelegate.swift */,
				74576F51233095BE007FC74F /* ViewController.swift */,
				74576F53233095BE007FC74F /* Main.storyboard */,
				74FBE94C2339E0070097AF2B /* 이미지.jpeg */,
				74576F56233095C2007FC74F /* Assets.xcassets */,
				74576F58233095C2007FC74F /* LaunchScreen.storyboard */,
				74576F5B233095C2007FC74F /* Info.plist */,
			);
			path = SimpleMapView;
			sourceTree = "<group>";
		};
		74576F6123309608007FC74F /* Frameworks */ = {
			isa = PBXGroup;
			children = (
				74576F6223309608007FC74F /* MapKit.framework */,
			);
			name = Frameworks;
			sourceTree = "<group>";
		};
/* End PBXGroup section */

/* Begin PBXNativeTarget section */
		74576F4B233095BD007FC74F /* SimpleMapView */ = {
			isa = PBXNativeTarget;
			buildConfigurationList = 74576F5E233095C2007FC74F /* Build configuration list for PBXNativeTarget "SimpleMapView" */;
			buildPhases = (
				74576F48233095BD007FC74F /* Sources */,
				74576F49233095BD007FC74F /* Frameworks */,
				74576F4A233095BD007FC74F /* Resources */,
			);
			buildRules = (
			);
			dependencies = (
			);
			name = SimpleMapView;
			productName = SimpleMapView;
			productReference = 74576F4C233095BD007FC74F /* SimpleMapView.app */;
			productType = "com.apple.product-type.application";
		};
/* End PBXNativeTarget section */

/* Begin PBXProject section */
		74576F44233095BD007FC74F /* Project object */ = {
			isa = PBXProject;
			attributes = {
				LastSwiftUpdateCheck = 1000;
				LastUpgradeCheck = 1000;
				ORGANIZATIONNAME = csd5766;
				TargetAttributes = {
					74576F4B233095BD007FC74F = {
						CreatedOnToolsVersion = 10.0;
					};
				};
			};
			buildConfigurationList = 74576F47233095BD007FC74F /* Build configuration list for PBXProject "SimpleMapView" */;
			compatibilityVersion = "Xcode 9.3";
			developmentRegion = en;
			hasScannedForEncodings = 0;
			knownRegions = (
				en,
				Base,
			);
			mainGroup = 74576F43233095BD007FC74F;
			productRefGroup = 74576F4D233095BD007FC74F /* Products */;
			projectDirPath = "";
			projectRoot = "";
			targets = (
				74576F4B233095BD007FC74F /* SimpleMapView */,
			);
		};
/* End PBXProject section */

/* Begin PBXResourcesBuildPhase section */
		74576F4A233095BD007FC74F /* Resources */ = {
			isa = PBXResourcesBuildPhase;
			buildActionMask = 2147483647;
			files = (
				74576F5A233095C2007FC74F /* LaunchScreen.storyboard in Resources */,
				74576F57233095C2007FC74F /* Assets.xcassets in Resources */,
				74576F55233095BE007FC74F /* Main.storyboard in Resources */,
				74FBE94D2339E0070097AF2B /* 이미지.jpeg in Resources */,
			);
			runOnlyForDeploymentPostprocessing = 0;
		};
/* End PBXResourcesBuildPhase section */

/* Begin PBXSourcesBuildPhase section */
		74576F48233095BD007FC74F /* Sources */ = {
			isa = PBXSourcesBuildPhase;
			buildActionMask = 2147483647;
			files = (
				74576F52233095BE007FC74F /* ViewController.swift in Sources */,
				74576F50233095BE007FC74F /* AppDelegate.swift in Sources */,
			);
			runOnlyForDeploymentPostprocessing = 0;
		};
/* End PBXSourcesBuildPhase section */

/* Begin PBXVariantGroup section */
		74576F53233095BE007FC74F /* Main.storyboard */ = {
			isa = PBXVariantGroup;
			children = (
				74576F54233095BE007FC74F /* Base */,
			);
			name = Main.storyboard;
			sourceTree = "<group>";
		};
		74576F58233095C2007FC74F /* LaunchScreen.storyboard */ = {
			isa = PBXVariantGroup;
			children = (
				74576F59233095C2007FC74F /* Base */,
			);
			name = LaunchScreen.storyboard;
			sourceTree = "<group>";
		};
/* End PBXVariantGroup section */

/* Begin XCBuildConfiguration section */
		74576F5C233095C2007FC74F /* Debug */ = {
			isa = XCBuildConfiguration;
			buildSettings = {
				ALWAYS_SEARCH_USER_PATHS = NO;
				CLANG_ANALYZER_NONNULL = YES;
				CLANG_ANALYZER_NUMBER_OBJECT_CONVERSION = YES_AGGRESSIVE;
				CLANG_CXX_LANGUAGE_STANDARD = "gnu++14";
				CLANG_CXX_LIBRARY = "libc++";
				CLANG_ENABLE_MODULES = YES;
				CLANG_ENABLE_OBJC_ARC = YES;
				CLANG_ENABLE_OBJC_WEAK = YES;
				CLANG_WARN_BLOCK_CAPTURE_AUTORELEASING = YES;
				CLANG_WARN_BOOL_CONVERSION = YES;
				CLANG_WARN_COMMA = YES;
				CLANG_WARN_CONSTANT_CONVERSION = YES;
				CLANG_WARN_DEPRECATED_OBJC_IMPLEMENTATIONS = YES;
				CLANG_WARN_DIRECT_OBJC_ISA_USAGE = YES_ERROR;
				CLANG_WARN_DOCUMENTATION_COMMENTS = YES;
				CLANG_WARN_EMPTY_BODY = YES;
				CLANG_WARN_ENUM_CONVERSION = YES;
				CLANG_WARN_INFINITE_RECURSION = YES;
				CLANG_WARN_INT_CONVERSION = YES;
				CLANG_WARN_NON_LITERAL_NULL_CONVERSION = YES;
				CLANG_WARN_OBJC_IMPLICIT_RETAIN_SELF = YES;
				CLANG_WARN_OBJC_LITERAL_CONVERSION = YES;
				CLANG_WARN_OBJC_ROOT_CLASS = YES_ERROR;
				CLANG_WARN_RANGE_LOOP_ANALYSIS = YES;
				CLANG_WARN_STRICT_PROTOTYPES = YES;
				CLANG_WARN_SUSPICIOUS_MOVE = YES;
				CLANG_WARN_UNGUARDED_AVAILABILITY = YES_AGGRESSIVE;
				CLANG_WARN_UNREACHABLE_CODE = YES;
				CLANG_WARN__DUPLICATE_METHOD_MATCH = YES;
				CODE_SIGN_IDENTITY = "iPhone Developer";
				COPY_PHASE_STRIP = NO;
				DEBUG_INFORMATION_FORMAT = dwarf;
				ENABLE_STRICT_OBJC_MSGSEND = YES;
				ENABLE_TESTABILITY = YES;
				GCC_C_LANGUAGE_STANDARD = gnu11;
				GCC_DYNAMIC_NO_PIC = NO;
				GCC_NO_COMMON_BLOCKS = YES;
				GCC_OPTIMIZATION_LEVEL = 0;
				GCC_PREPROCESSOR_DEFINITIONS = (
					"DEBUG=1",
					"$(inherited)",
				);
				GCC_WARN_64_TO_32_BIT_CONVERSION = YES;
				GCC_WARN_ABOUT_RETURN_TYPE = YES_ERROR;
				GCC_WARN_UNDECLARED_SELECTOR = YES;
				GCC_WARN_UNINITIALIZED_AUTOS = YES_AGGRESSIVE;
				GCC_WARN_UNUSED_FUNCTION = YES;
				GCC_WARN_UNUSED_VARIABLE = YES;
				IPHONEOS_DEPLOYMENT_TARGET = 12.0;
				MTL_ENABLE_DEBUG_INFO = INCLUDE_SOURCE;
				MTL_FAST_MATH = YES;
				ONLY_ACTIVE_ARCH = YES;
				SDKROOT = iphoneos;
				SWIFT_ACTIVE_COMPILATION_CONDITIONS = DEBUG;
				SWIFT_OPTIMIZATION_LEVEL = "-Onone";
			};
			name = Debug;
		};
		74576F5D233095C2007FC74F /* Release */ = {
			isa = XCBuildConfiguration;
			buildSettings = {
				ALWAYS_SEARCH_USER_PATHS = NO;
				CLANG_ANALYZER_NONNULL = YES;
				CLANG_ANALYZER_NUMBER_OBJECT_CONVERSION = YES_AGGRESSIVE;
				CLANG_CXX_LANGUAGE_STANDARD = "gnu++14";
				CLANG_CXX_LIBRARY = "libc++";
				CLANG_ENABLE_MODULES = YES;
				CLANG_ENABLE_OBJC_ARC = YES;
				CLANG_ENABLE_OBJC_WEAK = YES;
				CLANG_WARN_BLOCK_CAPTURE_AUTORELEASING = YES;
				CLANG_WARN_BOOL_CONVERSION = YES;
				CLANG_WARN_COMMA = YES;
				CLANG_WARN_CONSTANT_CONVERSION = YES;
				CLANG_WARN_DEPRECATED_OBJC_IMPLEMENTATIONS = YES;
				CLANG_WARN_DIRECT_OBJC_ISA_USAGE = YES_ERROR;
				CLANG_WARN_DOCUMENTATION_COMMENTS = YES;
				CLANG_WARN_EMPTY_BODY = YES;
				CLANG_WARN_ENUM_CONVERSION = YES;
				CLANG_WARN_INFINITE_RECURSION = YES;
				CLANG_WARN_INT_CONVERSION = YES;
				CLANG_WARN_NON_LITERAL_NULL_CONVERSION = YES;
				CLANG_WARN_OBJC_IMPLICIT_RETAIN_SELF = YES;
				CLANG_WARN_OBJC_LITERAL_CONVERSION = YES;
				CLANG_WARN_OBJC_ROOT_CLASS = YES_ERROR;
				CLANG_WARN_RANGE_LOOP_ANALYSIS = YES;
				CLANG_WARN_STRICT_PROTOTYPES = YES;
				CLANG_WARN_SUSPICIOUS_MOVE = YES;
				CLANG_WARN_UNGUARDED_AVAILABILITY = YES_AGGRESSIVE;
				CLANG_WARN_UNREACHABLE_CODE = YES;
				CLANG_WARN__DUPLICATE_METHOD_MATCH = YES;
				CODE_SIGN_IDENTITY = "iPhone Developer";
				COPY_PHASE_STRIP = NO;
				DEBUG_INFORMATION_FORMAT = "dwarf-with-dsym";
				ENABLE_NS_ASSERTIONS = NO;
				ENABLE_STRICT_OBJC_MSGSEND = YES;
				GCC_C_LANGUAGE_STANDARD = gnu11;
				GCC_NO_COMMON_BLOCKS = YES;
				GCC_WARN_64_TO_32_BIT_CONVERSION = YES;
				GCC_WARN_ABOUT_RETURN_TYPE = YES_ERROR;
				GCC_WARN_UNDECLARED_SELECTOR = YES;
				GCC_WARN_UNINITIALIZED_AUTOS = YES_AGGRESSIVE;
				GCC_WARN_UNUSED_FUNCTION = YES;
				GCC_WARN_UNUSED_VARIABLE = YES;
				IPHONEOS_DEPLOYMENT_TARGET = 12.0;
				MTL_ENABLE_DEBUG_INFO = NO;
				MTL_FAST_MATH = YES;
				SDKROOT = iphoneos;
				SWIFT_COMPILATION_MODE = wholemodule;
				SWIFT_OPTIMIZATION_LEVEL = "-O";
				VALIDATE_PRODUCT = YES;
			};
			name = Release;
		};
		74576F5F233095C2007FC74F /* Debug */ = {
			isa = XCBuildConfiguration;
			buildSettings = {
				ASSETCATALOG_COMPILER_APPICON_NAME = AppIcon;
				CODE_SIGN_STYLE = Automatic;
				INFOPLIST_FILE = SimpleMapView/Info.plist;
				LD_RUNPATH_SEARCH_PATHS = (
					"$(inherited)",
					"@executable_path/Frameworks",
				);
				PRODUCT_BUNDLE_IDENTIFIER = kr.ac.dit.SimpleMapView;
				PRODUCT_NAME = "$(TARGET_NAME)";
				SWIFT_VERSION = 4.2;
				TARGETED_DEVICE_FAMILY = "1,2";
			};
			name = Debug;
		};
		74576F60233095C2007FC74F /* Release */ = {
			isa = XCBuildConfiguration;
			buildSettings = {
				ASSETCATALOG_COMPILER_APPICON_NAME = AppIcon;
				CODE_SIGN_STYLE = Automatic;
				INFOPLIST_FILE = SimpleMapView/Info.plist;
				LD_RUNPATH_SEARCH_PATHS = (
					"$(inherited)",
					"@executable_path/Frameworks",
				);
				PRODUCT_BUNDLE_IDENTIFIER = kr.ac.dit.SimpleMapView;
				PRODUCT_NAME = "$(TARGET_NAME)";
				SWIFT_VERSION = 4.2;
				TARGETED_DEVICE_FAMILY = "1,2";
			};
			name = Release;
		};
/* End XCBuildConfiguration section */

/* Begin XCConfigurationList section */
		74576F47233095BD007FC74F /* Build configuration list for PBXProject "SimpleMapView" */ = {
			isa = XCConfigurationList;
			buildConfigurations = (
				74576F5C233095C2007FC74F /* Debug */,
				74576F5D233095C2007FC74F /* Release */,
			);
			defaultConfigurationIsVisible = 0;
			defaultConfigurationName = Release;
		};
		74576F5E233095C2007FC74F /* Build configuration list for PBXNativeTarget "SimpleMapView" */ = {
			isa = XCConfigurationList;
			buildConfigurations = (
				74576F5F233095C2007FC74F /* Debug */,
				74576F60233095C2007FC74F /* Release */,
			);
			defaultConfigurationIsVisible = 0;
			defaultConfigurationName = Release;
		};
/* End XCConfigurationList section */
	};
	rootObject = 74576F44233095BD007FC74F /* Project object */;
}
